version = 1
revision = 3
requires-python = ">=3.13"

[[package]]
name = "beautifulsoup4"
version = "4.14.3"
source = { registry = "https://pypi.org/simple" }
dependencies = [
    { name = "soupsieve" },
    { name = "typing-extensions" },
]
sdist = { url = "https://files.pythonhosted.org/packages/c3/b0/1c6a16426d389813b48d95e26898aff79abbde42ad353958ad95cc8c9b21/beautifulsoup4-4.14.3.tar.gz", hash = "sha256:6292b1c5186d356bba669ef9f7f051757099565ad9ada5dd630bd9de5fa7fb86", size = 627737, upload-time = "2025-11-30T15:08:26.084Z" }
wheels = [
    { url = "https://files.pythonhosted.org/packages/1a/39/47f9197bdd44df24d67ac8893641e16f386c984a0619ef2ee4c51fbbc019/beautifulsoup4-4.14.3-py3-none-any.whl", hash = "sha256:0918bfe44902e6ad8d57732ba310582e98da931428d231a5ecb9e7c703a735bb", size = 107721, upload-time = "2025-11-30T15:08:24.087Z" },
]

[[package]]
name = "colorama"
version = "0.4.6"
source = { registry = "https://pypi.org/simple" }
sdist = { url = "https://files.pythonhosted.org/packages/d8/53/6f443c9a4a8358a93a6792e2acffb9d9d5cb0a5cfd8802644b7b1c9a02e4/colorama-0.4.6.tar.gz", hash = "sha256:08695f5cb7ed6e0531a20572697297273c47b8cae5a63ffc6d6ed5c201be6e44", size = 27697, upload-time = "2022-10-25T02:36:22.414Z" }
wheels = [
    { url = "https://files.pythonhosted.org/packages/d1/d6/3965ed04c63042e047cb6a3e6ed1a63a35087b6a609aa3a15ed8ac56c221/colorama-0.4.6-py2.py3-none-any.whl", hash = "sha256:4f1d9991f5acc0ca119f9d443620b77f9d6b33703e51011c16baf57afb285fc6", size = 25335, upload-time = "2022-10-25T02:36:20.889Z" },
]

[[package]]
name = "iniconfig"
version = "2.3.0"
source = { registry = "https://pypi.org/simple" }
sdist = { url = "https://files.pythonhosted.org/packages/72/34/14ca021ce8e5dfedc35312d08ba8bf51fdd999c576889fc2c24cb97f4f10/iniconfig-2.3.0.tar.gz", hash = "sha256:c76315c77db068650d49c5b56314774a7804df16fee4402c1f19d6d15d8c4730", size = 20503, upload-time = "2025-10-18T21:55:43.219Z" }
wheels = [
    { url = "https://files.pythonhosted.org/packages/cb/b1/3846dd7f199d53cb17f49cba7e651e9ce294d8497c8c150530ed11865bb8/iniconfig-2.3.0-py3-none-any.whl", hash = "sha256:f631c04d2c48c52b84d0d0549c99ff3859c98df65b3101406327ecc7d53fbf12", size = 7484, upload-time = "2025-10-18T21:55:41.639Z" },
]

[[package]]
name = "livereload"
version = "2.7.1"
source = { registry = "https://pypi.org/simple" }
dependencies = [
    { name = "tornado" },
]
sdist = { url = "https://files.pythonhosted.org/packages/43/6e/f2748665839812a9bbe5c75d3f983edbf3ab05fa5cd2f7c2f36fffdf65bd/livereload-2.7.1.tar.gz", hash = "sha256:3d9bf7c05673df06e32bea23b494b8d36ca6d10f7d5c3c8a6989608c09c986a9", size = 22255, upload-time = "2024-12-18T13:42:01.461Z" }
wheels = [
    { url = "https://files.pythonhosted.org/packages/e4/3e/de54dc7f199e85e6ca37e2e5dae2ec3bce2151e9e28f8eb9076d71e83d56/livereload-2.7.1-py3-none-any.whl", hash = "sha256:5201740078c1b9433f4b2ba22cd2729a39b9d0ec0a2cc6b4d3df257df5ad0564", size = 22657, upload-time = "2024-12-18T13:41:56.35Z" },
]

[[package]]
name = "minify-html"
version = "0.18.1"
source = { registry = "https://pypi.org/simple" }
sdist = { url = "https://files.pythonhosted.org/packages/77/b7/83dc18bef0cd6f4268d1a63dd682730d3c1150d77a973a34c8de63610bdc/minify_html-0.18.1.tar.gz", hash = "sha256:43998530ef537701f003a8e908b756d78eff303c86b041a95855e290518ba79c", size = 96577, upload-time = "2025-10-25T22:27:18.801Z" }
wheels = [
    { url = "https://files.pythonhosted.org/packages/bd/c4/d718d624832721c1714eb0090d9913bb63492d2c7a109162812374a8b8d8/minify_html-0.18.1-cp313-cp313-macosx_10_12_x86_64.whl", hash = "sha256:d476ad2a54055d71bb7a94e1c1fad1e8e53f0b33a91cf800d8df4ebbce1d7dd9", size = 3061221, upload-time = "2025-10-25T22:44:03.283Z" },
    { url = "https://files.pythonhosted.org/packages/43/f0/f2aa69a6a9e9d9010afff2aae07734a534de4e2246a114e53f141dd83883/minify_html-0.18.1-cp313-cp313-macosx_11_0_arm64.whl", hash = "sha256:21790c2e578918f390aeebc865c94bd2f50eb790e27cc61d4e7725501b551250", size = 2828172, upload-time = "2025-10-25T23:18:11.743Z" },
    { url = "https://files.pythonhosted.org/packages/2f/59/5aa912eee1860895a016dc2e93fe8522fcf10590f12dc6a50c790b3997ed/minify_html-0.18.1-cp313-cp313-manylinux_2_17_aarch64.manylinux2014_aarch64.whl", hash = "sha256:00f407d32f3f8369901f0e6c92610f351f69dacf4ed594d373924f54fbf01ded", size = 2900261, upload-time = "2025-10-25T22:27:50.473Z" },
    { url = "https://files.pythonhosted.org/packages/4f/e2/8520c2f183084752174a7a4528b604748c4f7353496bce5fbe96b760c79e/minify_html-0.18.1-cp313-cp313-manylinux_2_17_x86_64.manylinux2014_x86_64.whl", hash = "sha256:c952a8f9e5a6403611b338b75bbf9469cf4ce04f15426a9ef9da87456fd55bd6", size = 3082847, upload-time = "2025-10-25T22:30:48.972Z" },
    { url = "https://files.pythonhosted.org/packages/fd/c0/ed804ea3722cdc828518556e9b40ea21230e0ccc8d326bacb8b98f90004f/minify_html-0.18.1-cp313-cp313-musllinux_1_1_aarch64.whl", hash = "sha256:0e1592a4efc56848129d60f95bdcf79e32e1cce045aa004ab57233b7b16e126f", size = 3082149, upload-time = "2025-10-25T22:31:14.339Z" },
    { url = "https://files.pythonhosted.org/packages/55/4f/dc937c47aab7d7b692a916bd85b90830244c0b17a988bde019063a832b11/minify_html-0.18.1-cp313-cp313-musllinux_1_1_x86_64.whl", hash = "sha256:a0e557e7e43b233b5416cd0b0874ac369ce168f2024f7199925350f5bc09af15", size = 3327698, upload-time = "2025-10-25T22:27:16.688Z" },
    { url = "https://files.pythonhosted.org/packages/aa/22/59c7751f8b029dee05b3b46c3b21f1fe4bb1fa9450176533d92da823bb5e/minify_html-0.18.1-cp313-cp313-win_amd64.whl", hash = "sha256:f8fca598b171ee603b8ed399bedd2de00d202cfcb0e98feadb21deb11d5d669b", size = 3116928, upload-time = "2025-10-25T22:37:01.598Z" },
    { url = "https://files.pythonhosted.org/packages/91/a4/61b966701e1d5fb06a7564d17ac53cc5990b083649748a249833e73d3d6a/minify_html-0.18.1-cp314-cp314-macosx_10_12_x86_64.whl", hash = "sha256:e34af8574ed701555561fcc29d14ff6e8969df5281d51b62cdf556ca0ca7a56e", size = 3061250, upload-time = "2025-10-25T23:04:30.374Z" },
    { url = "https://files.pythonhosted.org/packages/40/14/ee02ac4f89afa8b888d5fe36c2f6261831b0bb191d3579b68286a9ef6364/minify_html-0.18.1-cp314-cp314-macosx_11_0_arm64.whl", hash = "sha256:e93301610f6c78ff83cf9d556d779ed4dee1c8aadf45a12dc4b40cebbe477a2e", size = 2828096, upload-time = "2025-10-25T22:55:15.804Z" },
    { url = "https://files.pythonhosted.org/packages/5a/d9/5e34d74abadf89e40caf5f06e9b52b49d96da1bff437b1f2f05aa454c665/minify_html-0.18.1-cp314-cp314-manylinux_2_17_aarch64.manylinux2014_aarch64.whl", hash = "sha256:0f3f167339638f26af34a56027b24e7e2daa03670b84a1ba661975d6d4536481", size = 2900061, upload-time = "2025-10-25T22:27:53.055Z" },
    { url = "https://files.pythonhosted.org/packages/4d/b9/45023457cd150be87fa6893e4e524929f36a46a1de92b7ce95d40e685e0d/minify_html-0.18.1-cp314-cp314-manylinux_2_17_x86_64.manylinux2014_x86_64.whl", hash = "sha256:e862f89f1493c17fe74d8c7a75bbd480aa7784bbf47ec396d9db4871101f94e4", size = 3082816, upload-time = "2025-10-25T22:27:26.023Z" },
    { url = "https://files.pythonhosted.org/packages/a7/42/c5015b02b5ee8b8194870f3beace2b14ac0e197d754e43f0973a36a3c6df/minify_html-0.18.1-cp314-cp314-musllinux_1_1_aarch64.whl", hash = "sha256:045dd5640e988cc385d350e224e13f609a606a6cf9fa5f5011a1d860d4ebe607", size = 3082224, upload-time = "2025-10-25T22:30:42.538Z" },
    { url = "https://files.pythonhosted.org/packages/6a/04/cf74fd1f980c42068d229e9657415b008b3a65504fb2fa22b09cdf579e88/minify_html-0.18.1-cp314-cp314-musllinux_1_1_x86_64.whl", hash = "sha256:3a11a926b2c236f527d8295b7f6e20c41728bdf870732273e2471e8c693f6109", size = 3327448, upload-time = "2025-10-25T22:30:55.968Z" },
    { url = "https://files.pythonhosted.org/packages/67/22/35ed1e1f733573de2988924bebc7a6e7b37027e37e43e8a3ac35e00fd960/minify_html-0.18.1-cp314-cp314-win_amd64.whl", hash = "sha256:41f46915ce2634dd70138488a96d6b36e8b8cc2c2ee2953d89c525658394500a", size = 3116545, upload-time = "2025-10-25T22:36:25.166Z" },
]

[[package]]
name = "noahbaculi-github-io"
version = "0.1.0"
source = { virtual = "." }
dependencies = [
    { name = "beautifulsoup4" },
    { name = "livereload" },
    { name = "minify-html" },
    { name = "pillow" },
    { name = "rcssmin" },
    { name = "rjsmin" },
]

[package.dev-dependencies]
dev = [
    { name = "pytest" },
]

[package.metadata]
requires-dist = [
    { name = "beautifulsoup4", specifier = ">=4.13" },
    { name = "livereload", specifier = ">=2.7" },
    { name = "minify-html", specifier = ">=0.15" },
    { name = "pillow", specifier = ">=11.3.0" },
    { name = "rcssmin", specifier = ">=1.1" },
    { name = "rjsmin", specifier = ">=1.2" },
]

[package.metadata.requires-dev]
dev = [{ name = "pytest", specifier = ">=9.0.2" }]

[[package]]
name = "packaging"
version = "26.0"
source = { registry = "https://pypi.org/simple" }
sdist = { url = "https://files.pythonhosted.org/packages/65/ee/299d360cdc32edc7d2cf530f3accf79c4fca01e96ffc950d8a52213bd8e4/packaging-26.0.tar.gz", hash = "sha256:00243ae351a257117b6a241061796684b084ed1c516a08c48a3f7e147a9d80b4", size = 143416, upload-time = "2026-01-21T20:50:39.064Z" }
wheels = [
    { url = "https://files.pythonhosted.org/packages/b7/b9/c538f279a4e237a006a2c98387d081e9eb060d203d8ed34467cc0f0b9b53/packaging-26.0-py3-none-any.whl", hash = "sha256:b36f1fef9334a5588b4166f8bcd26a14e521f2b55e6b9de3aaa80d3ff7a37529", size = 74366, upload-time = "2026-01-21T20:50:37.788Z" },
]

[[package]]
name = "pillow"
version = "12.1.1"
source = { registry = "https://pypi.org/simple" }
sdist = { url = "https://files.pythonhosted.org/packages/1f/42/5c74462b4fd957fcd7b13b04fb3205ff8349236ea74c7c375766d6c82288/pillow-12.1.1.tar.gz", hash = "sha256:9ad8fa5937ab05218e2b6a4cff30295ad35afd2f83ac592e68c0d871bb0fdbc4", size = 46980264, upload-time = "2026-02-11T04:23:07.146Z" }
wheels = [
    { url = "https://files.pythonhosted.org/packages/d5/11/6db24d4bd7685583caeae54b7009584e38da3c3d4488ed4cd25b439de486/pillow-12.1.1-cp313-cp313-ios_13_0_arm64_iphoneos.whl", hash = "sha256:d242e8ac078781f1de88bf823d70c1a9b3c7950a44cdf4b7c012e22ccbcd8e4e", size = 4062689, upload-time = "2026-02-11T04:21:06.804Z" },
    { url = "https://files.pythonhosted.org/packages/33/c0/ce6d3b1fe190f0021203e0d9b5b99e57843e345f15f9ef22fcd43842fd21/pillow-12.1.1-cp313-cp313-ios_13_0_arm64_iphonesimulator.whl", hash = "sha256:02f84dfad02693676692746df05b89cf25597560db2857363a208e393429f5e9", size = 4138535, upload-time = "2026-02-11T04:21:08.452Z" },
    { url = "https://files.pythonhosted.org/packages/a0/c6/d5eb6a4fb32a3f9c21a8c7613ec706534ea1cf9f4b3663e99f0d83f6fca8/pillow-12.1.1-cp313-cp313-ios_13_0_x86_64_iphonesimulator.whl", hash = "sha256:e65498daf4b583091ccbb2556c7000abf0f3349fcd57ef7adc9a84a394ed29f6", size = 3601364, upload-time = "2026-02-11T04:21:10.194Z" },
    { url = "https://files.pythonhosted.org/packages/14/a1/16c4b823838ba4c9c52c0e6bbda903a3fe5a1bdbf1b8eb4fff7156f3e318/pillow-12.1.1-cp313-cp313-macosx_10_13_x86_64.whl", hash = "sha256:6c6db3b84c87d48d0088943bf33440e0c42370b99b1c2a7989216f7b42eede60", size = 5262561, upload-time = "2026-02-11T04:21:11.742Z" },
    { url = "https://files.pythonhosted.org/packages/bb/ad/ad9dc98ff24f485008aa5cdedaf1a219876f6f6c42a4626c08bc4e80b120/pillow-12.1.1-cp313-cp313-macosx_11_0_arm64.whl", hash = "sha256:8b7e5304e34942bf62e15184219a7b5ad4ff7f3bb5cca4d984f37df1a0e1aee2", size = 4657460, upload-time = "2026-02-11T04:21:13.786Z" },
    { url = "https://files.pythonhosted.org/packages/9e/1b/f1a4ea9a895b5732152789326202a82464d5254759fbacae4deea3069334/pillow-12.1.1-cp313-cp313-manylinux2014_aarch64.manylinux_2_17_aarch64.whl", hash = "sha256:18e5bddd742a44b7e6b1e773ab5db102bd7a94c32555ba656e76d319d19c3850", size = 6232698, upload-time = "2026-02-11T04:21:15.949Z" },
    { url = "https://files.pythonhosted.org/packages/95/f4/86f51b8745070daf21fd2e5b1fe0eb35d4db9ca26e6d58366562fb56a743/pillow-12.1.1-cp313-cp313-manylinux2014_x86_64.manylinux_2_17_x86_64.whl", hash = "sha256:fc44ef1f3de4f45b50ccf9136999d71abb99dca7706bc75d222ed350b9fd2289", size = 8041706, upload-time = "2026-02-11T04:21:17.723Z" },
    { url = "https://files.pythonhosted.org/packages/29/9b/d6ecd956bb1266dd1045e995cce9b8d77759e740953a1c9aad9502a0461e/pillow-12.1.1-cp313-cp313-manylinux_2_27_aarch64.manylinux_2_28_aarch64.whl", hash = "sha256:5a8eb7ed8d4198bccbd07058416eeec51686b498e784eda166395a23eb99138e", size = 6346621, upload-time = "2026-02-11T04:21:19.547Z" },
    { url = "https://files.pythonhosted.org/packages/71/24/538bff45bde96535d7d998c6fed1a751c75ac7c53c37c90dc2601b243893/pillow-12.1.1-cp313-cp313-manylinux_2_27_x86_64.manylinux_2_28_x86_64.whl", hash = "sha256:47b94983da0c642de92ced1702c5b6c292a84bd3a8e1d1702ff923f183594717", size = 7038069, upload-time = "2026-02-11T04:21:21.378Z" },
    { url = "https://files.pythonhosted.org/packages/94/0e/58cb1a6bc48f746bc4cb3adb8cabff73e2742c92b3bf7a220b7cf69b9177/pillow-12.1.1-cp313-cp313-musllinux_1_2_aarch64.whl", hash = "sha256:518a48c2aab7ce596d3bf79d0e275661b846e86e4d0e7dec34712c30fe07f02a", size = 6460040, upload-time = "2026-02-11T04:21:23.148Z" },
    { url = "https://files.pythonhosted.org/packages/6c/57/9045cb3ff11eeb6c1adce3b2d60d7d299d7b273a2e6c8381a524abfdc474/pillow-12.1.1-cp313-cp313-musllinux_1_2_x86_64.whl", hash = "sha256:a550ae29b95c6dc13cf69e2c9dc5747f814c54eeb2e32d683e5e93af56caa029", size = 7164523, upload-time = "2026-02-11T04:21:25.01Z" },
    { url = "https://files.pythonhosted.org/packages/73/f2/9be9cb99f2175f0d4dbadd6616ce1bf068ee54a28277ea1bf1fbf729c250/pillow-12.1.1-cp313-cp313-win32.whl", hash = "sha256:a003d7422449f6d1e3a34e3dd4110c22148336918ddbfc6a32581cd54b2e0b2b", size = 6332552, upload-time = "2026-02-11T04:21:27.238Z" },
    { url = "https://files.pythonhosted.org/packages/3f/eb/b0834ad8b583d7d9d42b80becff092082a1c3c156bb582590fcc973f1c7c/pillow-12.1.1-cp313-cp313-win_amd64.whl", hash = "sha256:344cf1e3dab3be4b1fa08e449323d98a2a3f819ad20f4b22e77a0ede31f0faa1", size = 7040108, upload-time = "2026-02-11T04:21:29.462Z" },
    { url = "https://files.pythonhosted.org/packages/d5/7d/fc09634e2aabdd0feabaff4a32f4a7d97789223e7c2042fd805ea4b4d2c2/pillow-12.1.1-cp313-cp313-win_arm64.whl", hash = "sha256:5c0dd1636633e7e6a0afe7bf6a51a14992b7f8e60de5789018ebbdfae55b040a", size = 2453712, upload-time = "2026-02-11T04:21:31.072Z" },
    { url = "https://files.pythonhosted.org/packages/19/2a/b9d62794fc8a0dd14c1943df68347badbd5511103e0d04c035ffe5cf2255/pillow-12.1.1-cp313-cp313t-macosx_10_13_x86_64.whl", hash = "sha256:0330d233c1a0ead844fc097a7d16c0abff4c12e856c0b325f231820fee1f39da", size = 5264880, upload-time = "2026-02-11T04:21:32.865Z" },
    { url = "https://files.pythonhosted.org/packages/26/9d/e03d857d1347fa5ed9247e123fcd2a97b6220e15e9cb73ca0a8d91702c6e/pillow-12.1.1-cp313-cp313t-macosx_11_0_arm64.whl", hash = "sha256:5dae5f21afb91322f2ff791895ddd8889e5e947ff59f71b46041c8ce6db790bc", size = 4660616, upload-time = "2026-02-11T04:21:34.97Z" },
    { url = "https://files.pythonhosted.org/packages/f7/ec/8a6d22afd02570d30954e043f09c32772bfe143ba9285e2fdb11284952cd/pillow-12.1.1-cp313-cp313t-manylinux2014_aarch64.manylinux_2_17_aarch64.whl", hash = "sha256:2e0c664be47252947d870ac0d327fea7e63985a08794758aa8af5b6cb6ec0c9c", size = 6269008, upload-time = "2026-02-11T04:21:36.623Z" },
    { url = "https://files.pythonhosted.org/packages/3d/1d/6d875422c9f28a4a361f495a5f68d9de4a66941dc2c619103ca335fa6446/pillow-12.1.1-cp313-cp313t-manylinux2014_x86_64.manylinux_2_17_x86_64.whl", hash = "sha256:691ab2ac363b8217f7d31b3497108fb1f50faab2f75dfb03284ec2f217e87bf8", size = 8073226, upload-time = "2026-02-11T04:21:38.585Z" },
    { url = "https://files.pythonhosted.org/packages/a1/cd/134b0b6ee5eda6dc09e25e24b40fdafe11a520bc725c1d0bbaa5e00bf95b/pillow-12.1.1-cp313-cp313t-manylinux_2_27_aarch64.manylinux_2_28_aarch64.whl", hash = "sha256:e9e8064fb1cc019296958595f6db671fba95209e3ceb0c4734c9baf97de04b20", size = 6380136, upload-time = "2026-02-11T04:21:40.562Z" },
    { url = "https://files.pythonhosted.org/packages/7a/a9/7628f013f18f001c1b98d8fffe3452f306a70dc6aba7d931019e0492f45e/pillow-12.1.1-cp313-cp313t-manylinux_2_27_x86_64.manylinux_2_28_x86_64.whl", hash = "sha256:472a8d7ded663e6162dafdf20015c486a7009483ca671cece7a9279b512fcb13", size = 7067129, upload-time = "2026-02-11T04:21:42.521Z" },
    { url = "https://files.pythonhosted.org/packages/1e/f8/66ab30a2193b277785601e82ee2d49f68ea575d9637e5e234faaa98efa4c/pillow-12.1.1-cp313-cp313t-musllinux_1_2_aarch64.whl", hash = "sha256:89b54027a766529136a06cfebeecb3a04900397a3590fd252160b888479517bf", size = 6491807, upload-time = "2026-02-11T04:21:44.22Z" },
    { url = "https://files.pythonhosted.org/packages/da/0b/a877a6627dc8318fdb84e357c5e1a758c0941ab1ddffdafd231983788579/pillow-12.1.1-cp313-cp313t-musllinux_1_2_x86_64.whl", hash = "sha256:86172b0831b82ce4f7877f280055892b31179e1576aa00d0df3bb1bbf8c3e524", size = 7190954, upload-time = "2026-02-11T04:21:46.114Z" },
    { url = "https://files.pythonhosted.org/packages/83/43/6f732ff85743cf746b1361b91665d9f5155e1483817f693f8d57ea93147f/pillow-12.1.1-cp313-cp313t-win32.whl", hash = "sha256:44ce27545b6efcf0fdbdceb31c9a5bdea9333e664cda58a7e674bb74608b3986", size = 6336441, upload-time = "2026-02-11T04:21:48.22Z" },
    { url = "https://files.pythonhosted.org/packages/3b/44/e865ef3986611bb75bfabdf94a590016ea327833f434558801122979cd0e/pillow-12.1.1-cp313-cp313t-win_amd64.whl", hash = "sha256:a285e3eb7a5a45a2ff504e31f4a8d1b12ef62e84e5411c6804a42197c1cf586c", size = 7045383, upload-time = "2026-02-11T04:21:50.015Z" },
    { url = "https://files.pythonhosted.org/packages/a8/c6/f4fb24268d0c6908b9f04143697ea18b0379490cb74ba9e8d41b898bd005/pillow-12.1.1-cp313-cp313t-win_arm64.whl", hash = "sha256:cc7d296b5ea4d29e6570dabeaed58d31c3fea35a633a69679fb03d7664f43fb3", size = 2456104, upload-time = "2026-02-11T04:21:51.633Z" },
    { url = "https://files.pythonhosted.org/packages/03/d0/bebb3ffbf31c5a8e97241476c4cf8b9828954693ce6744b4a2326af3e16b/pillow-12.1.1-cp314-cp314-ios_13_0_arm64_iphoneos.whl", hash = "sha256:417423db963cb4be8bac3fc1204fe61610f6abeed1580a7a2cbb2fbda20f12af", size = 4062652, upload-time = "2026-02-11T04:21:53.19Z" },
    { url = "https://files.pythonhosted.org/packages/2d/c0/0e16fb0addda4851445c28f8350d8c512f09de27bbb0d6d0bbf8b6709605/pillow-12.1.1-cp314-cp314-ios_13_0_arm64_iphonesimulator.whl", hash = "sha256:b957b71c6b2387610f556a7eb0828afbe40b4a98036fc0d2acfa5a44a0c2036f", size = 4138823, upload-time = "2026-02-11T04:22:03.088Z" },
    { url = "https://files.pythonhosted.org/packages/6b/fb/6170ec655d6f6bb6630a013dd7cf7bc218423d7b5fa9071bf63dc32175ae/pillow-12.1.1-cp314-cp314-ios_13_0_x86_64_iphonesimulator.whl", hash = "sha256:097690ba1f2efdeb165a20469d59d8bb03c55fb6621eb2041a060ae8ea3e9642", size = 3601143, upload-time = "2026-02-11T04:22:04.909Z" },
    { url = "https://files.pythonhosted.org/packages/59/04/dc5c3f297510ba9a6837cbb318b87dd2b8f73eb41a43cc63767f65cb599c/pillow-12.1.1-cp314-cp314-macosx_10_15_x86_64.whl", hash = "sha256:2815a87ab27848db0321fb78c7f0b2c8649dee134b7f2b80c6a45c6831d75ccd", size = 5266254, upload-time = "2026-02-11T04:22:07.656Z" },
    { url = "https://files.pythonhosted.org/packages/05/30/5db1236b0d6313f03ebf97f5e17cda9ca060f524b2fcc875149a8360b21c/pillow-12.1.1-cp314-cp314-macosx_11_0_arm64.whl", hash = "sha256:f7ed2c6543bad5a7d5530eb9e78c53132f93dfa44a28492db88b41cdab885202", size = 4657499, upload-time = "2026-02-11T04:22:09.613Z" },
    { url = "https://files.pythonhosted.org/packages/6f/18/008d2ca0eb612e81968e8be0bbae5051efba24d52debf930126d7eaacbba/pillow-12.1.1-cp314-cp314-manylinux2014_aarch64.manylinux_2_17_aarch64.whl", hash = "sha256:652a2c9ccfb556235b2b501a3a7cf3742148cd22e04b5625c5fe057ea3e3191f", size = 6232137, upload-time = "2026-02-11T04:22:11.434Z" },
    { url = "https://files.pythonhosted.org/packages/70/f1/f14d5b8eeb4b2cd62b9f9f847eb6605f103df89ef619ac68f92f748614ea/pillow-12.1.1-cp314-cp314-manylinux2014_x86_64.manylinux_2_17_x86_64.whl", hash = "sha256:d6e4571eedf43af33d0fc233a382a76e849badbccdf1ac438841308652a08e1f", size = 8042721, upload-time = "2026-02-11T04:22:13.321Z" },
    { url = "https://files.pythonhosted.org/packages/5a/d6/17824509146e4babbdabf04d8171491fa9d776f7061ff6e727522df9bd03/pillow-12.1.1-cp314-cp314-manylinux_2_27_aarch64.manylinux_2_28_aarch64.whl", hash = "sha256:b574c51cf7d5d62e9be37ba446224b59a2da26dc4c1bb2ecbe936a4fb1a7cb7f", size = 6347798, upload-time = "2026-02-11T04:22:15.449Z" },
    { url = "https://files.pythonhosted.org/packages/d1/ee/c85a38a9ab92037a75615aba572c85ea51e605265036e00c5b67dfafbfe2/pillow-12.1.1-cp314-cp314-manylinux_2_27_x86_64.manylinux_2_28_x86_64.whl", hash = "sha256:a37691702ed687799de29a518d63d4682d9016932db66d4e90c345831b02fb4e", size = 7039315, upload-time = "2026-02-11T04:22:17.24Z" },
    { url = "https://files.pythonhosted.org/packages/ec/f3/bc8ccc6e08a148290d7523bde4d9a0d6c981db34631390dc6e6ec34cacf6/pillow-12.1.1-cp314-cp314-musllinux_1_2_aarch64.whl", hash = "sha256:f95c00d5d6700b2b890479664a06e754974848afaae5e21beb4d83c106923fd0", size = 6462360, upload-time = "2026-02-11T04:22:19.111Z" },
    { url = "https://files.pythonhosted.org/packages/f6/ab/69a42656adb1d0665ab051eec58a41f169ad295cf81ad45406963105408f/pillow-12.1.1-cp314-cp314-musllinux_1_2_x86_64.whl", hash = "sha256:559b38da23606e68681337ad74622c4dbba02254fc9cb4488a305dd5975c7eeb", size = 7165438, upload-time = "2026-02-11T04:22:21.041Z" },
    { url = "https://files.pythonhosted.org/packages/02/46/81f7aa8941873f0f01d4b55cc543b0a3d03ec2ee30d617a0448bf6bd6dec/pillow-12.1.1-cp314-cp314-win32.whl", hash = "sha256:03edcc34d688572014ff223c125a3f77fb08091e4607e7745002fc214070b35f", size = 6431503, upload-time = "2026-02-11T04:22:22.833Z" },
    { url = "https://files.pythonhosted.org/packages/40/72/4c245f7d1044b67affc7f134a09ea619d4895333d35322b775b928180044/pillow-12.1.1-cp314-cp314-win_amd64.whl", hash = "sha256:50480dcd74fa63b8e78235957d302d98d98d82ccbfac4c7e12108ba9ecbdba15", size = 7176748, upload-time = "2026-02-11T04:22:24.64Z" },
    { url = "https://files.pythonhosted.org/packages/e4/ad/8a87bdbe038c5c698736e3348af5c2194ffb872ea52f11894c95f9305435/pillow-12.1.1-cp314-cp314-win_arm64.whl", hash = "sha256:5cb1785d97b0c3d1d1a16bc1d710c4a0049daefc4935f3a8f31f827f4d3d2e7f", size = 2544314, upload-time = "2026-02-11T04:22:26.685Z" },
    { url = "https://files.pythonhosted.org/packages/6c/9d/efd18493f9de13b87ede7c47e69184b9e859e4427225ea962e32e56a49bc/pillow-12.1.1-cp314-cp314t-macosx_10_15_x86_64.whl", hash = "sha256:1f90cff8aa76835cba5769f0b3121a22bd4eb9e6884cfe338216e557a9a548b8", size = 5268612, upload-time = "2026-02-11T04:22:29.884Z" },
    { url = "https://files.pythonhosted.org/packages/f8/f1/4f42eb2b388eb2ffc660dcb7f7b556c1015c53ebd5f7f754965ef997585b/pillow-12.1.1-cp314-cp314t-macosx_11_0_arm64.whl", hash = "sha256:1f1be78ce9466a7ee64bfda57bdba0f7cc499d9794d518b854816c41bf0aa4e9", size = 4660567, upload-time = "2026-02-11T04:22:31.799Z" },
    { url = "https://files.pythonhosted.org/packages/01/54/df6ef130fa43e4b82e32624a7b821a2be1c5653a5fdad8469687a7db4e00/pillow-12.1.1-cp314-cp314t-manylinux2014_aarch64.manylinux_2_17_aarch64.whl", hash = "sha256:42fc1f4677106188ad9a55562bbade416f8b55456f522430fadab3cef7cd4e60", size = 6269951, upload-time = "2026-02-11T04:22:33.921Z" },
    { url = "https://files.pythonhosted.org/packages/a9/48/618752d06cc44bb4aae8ce0cd4e6426871929ed7b46215638088270d9b34/pillow-12.1.1-cp314-cp314t-manylinux2014_x86_64.manylinux_2_17_x86_64.whl", hash = "sha256:98edb152429ab62a1818039744d8fbb3ccab98a7c29fc3d5fcef158f3f1f68b7", size = 8074769, upload-time = "2026-02-11T04:22:35.877Z" },
    { url = "https://files.pythonhosted.org/packages/c3/bd/f1d71eb39a72fa088d938655afba3e00b38018d052752f435838961127d8/pillow-12.1.1-cp314-cp314t-manylinux_2_27_aarch64.manylinux_2_28_aarch64.whl", hash = "sha256:d470ab1178551dd17fdba0fef463359c41aaa613cdcd7ff8373f54be629f9f8f", size = 6381358, upload-time = "2026-02-11T04:22:37.698Z" },
    { url = "https://files.pythonhosted.org/packages/64/ef/c784e20b96674ed36a5af839305f55616f8b4f8aa8eeccf8531a6e312243/pillow-12.1.1-cp314-cp314t-manylinux_2_27_x86_64.manylinux_2_28_x86_64.whl", hash = "sha256:6408a7b064595afcab0a49393a413732a35788f2a5092fdc6266952ed67de586", size = 7068558, upload-time = "2026-02-11T04:22:39.597Z" },
    { url = "https://files.pythonhosted.org/packages/73/cb/8059688b74422ae61278202c4e1ad992e8a2e7375227be0a21c6b87ca8d5/pillow-12.1.1-cp314-cp314t-musllinux_1_2_aarch64.whl", hash = "sha256:5d8c41325b382c07799a3682c1c258469ea2ff97103c53717b7893862d0c98ce", size = 6493028, upload-time = "2026-02-11T04:22:42.73Z" },
    { url = "https://files.pythonhosted.org/packages/c6/da/e3c008ed7d2dd1f905b15949325934510b9d1931e5df999bb15972756818/pillow-12.1.1-cp314-cp314t-musllinux_1_2_x86_64.whl", hash = "sha256:c7697918b5be27424e9ce568193efd13d925c4481dd364e43f5dff72d33e10f8", size = 7191940, upload-time = "2026-02-11T04:22:44.543Z" },
    { url = "https://files.pythonhosted.org/packages/01/4a/9202e8d11714c1fc5951f2e1ef362f2d7fbc595e1f6717971d5dd750e969/pillow-12.1.1-cp314-cp314t-win32.whl", hash = "sha256:d2912fd8114fc5545aa3a4b5576512f64c55a03f3ebcca4c10194d593d43ea36", size = 6438736, upload-time = "2026-02-11T04:22:46.347Z" },
    { url = "https://files.pythonhosted.org/packages/f3/ca/cbce2327eb9885476b3957b2e82eb12c866a8b16ad77392864ad601022ce/pillow-12.1.1-cp314-cp314t-win_amd64.whl", hash = "sha256:4ceb838d4bd9dab43e06c363cab2eebf63846d6a4aeaea283bbdfd8f1a8ed58b", size = 7182894, upload-time = "2026-02-11T04:22:48.114Z" },
    { url = "https://files.pythonhosted.org/packages/ec/d2/de599c95ba0a973b94410477f8bf0b6f0b5e67360eb89bcb1ad365258beb/pillow-12.1.1-cp314-cp314t-win_arm64.whl", hash = "sha256:7b03048319bfc6170e93bd60728a1af51d3dd7704935feb228c4d4faab35d334", size = 2546446, upload-time = "2026-02-11T04:22:50.342Z" },
]

[[package]]
name = "pluggy"
version = "1.6.0"
source = { registry = "https://pypi.org/simple" }
sdist = { url = "https://files.pythonhosted.org/packages/f9/e2/3e91f31a7d2b083fe6ef3fa267035b518369d9511ffab804f839851d2779/pluggy-1.6.0.tar.gz", hash = "sha256:7dcc130b76258d33b90f61b658791dede3486c3e6bfb003ee5c9bfb396dd22f3", size = 69412, upload-time = "2025-05-15T12:30:07.975Z" }
wheels = [
    { url = "https://files.pythonhosted.org/packages/54/20/4d324d65cc6d9205fabedc306948156824eb9f0ee1633355a8f7ec5c66bf/pluggy-1.6.0-py3-none-any.whl", hash = "sha256:e920276dd6813095e9377c0bc5566d94c932c33b27a3e3945d8389c374dd4746", size = 20538, upload-time = "2025-05-15T12:30:06.134Z" },
]

[[package]]
name = "pygments"
version = "2.19.2"
source = { registry = "https://pypi.org/simple" }
sdist = { url = "https://files.pythonhosted.org/packages/b0/77/a5b8c569bf593b0140bde72ea885a803b82086995367bf2037de0159d924/pygments-2.19.2.tar.gz", hash = "sha256:636cb2477cec7f8952536970bc533bc43743542f70392ae026374600add5b887", size = 4968631, upload-time = "2025-06-21T13:39:12.283Z" }
wheels = [
    { url = "https://files.pythonhosted.org/packages/c7/21/705964c7812476f378728bdf590ca4b771ec72385c533964653c68e86bdc/pygments-2.19.2-py3-none-any.whl", hash = "sha256:86540386c03d588bb81d44bc3928634ff26449851e99741617ecb9037ee5ec0b", size = 1225217, upload-time = "2025-06-21T13:39:07.939Z" },
]

[[package]]
name = "pytest"
version = "9.0.2"
source = { registry = "https://pypi.org/simple" }
dependencies = [
    { name = "colorama", marker = "sys_platform == 'win32'" },
    { name = "iniconfig" },
    { name = "packaging" },
    { name = "pluggy" },
    { name = "pygments" },
]
sdist = { url = "https://files.pythonhosted.org/packages/d1/db/7ef3487e0fb0049ddb5ce41d3a49c235bf9ad299b6a25d5780a89f19230f/pytest-9.0.2.tar.gz", hash = "sha256:75186651a92bd89611d1d9fc20f0b4345fd827c41ccd5c299a868a05d70edf11", size = 1568901, upload-time = "2025-12-06T21:30:51.014Z" }
wheels = [
    { url = "https://files.pythonhosted.org/packages/3b/ab/b3226f0bd7cdcf710fbede2b3548584366da3b19b5021e74f5bde2a8fa3f/pytest-9.0.2-py3-none-any.whl", hash = "sha256:711ffd45bf766d5264d487b917733b453d917afd2b0ad65223959f59089f875b", size = 374801, upload-time = "2025-12-06T21:30:49.154Z" },
]

[[package]]
name = "rcssmin"
version = "1.2.2"
source = { registry = "https://pypi.org/simple" }
sdist = { url = "https://files.pythonhosted.org/packages/81/af/c9654b4f9b054ec163ed7cb20d8db0e5ae05e2e9ce99a4c11d91a2180b3f/rcssmin-1.2.2.tar.gz", hash = "sha256:806986eaf7414545edc28a1d29523e9560e49e151ff4a337d9d1f0271d6e1cc4", size = 587012, upload-time = "2025-10-12T10:48:08.932Z" }
wheels = [
    { url = "https://files.pythonhosted.org/packages/8b/ae/3a7911e1c773f3deb039a42588ae6cee59d6bcec07b5081db376677b293a/rcssmin-1.2.2-cp313-cp313-manylinux1_i686.whl", hash = "sha256:e91449b612a08e5e80df3487e941c86e2c73c5088169588c31c382eb94da0521", size = 48764, upload-time = "2025-10-12T10:48:37.45Z" },
    { url = "https://files.pythonhosted.org/packages/30/a7/6d311986d76da0a538bae3f584d2b7579dd11648e74f539b177d8af51f6b/rcssmin-1.2.2-cp313-cp313-manylinux1_x86_64.whl", hash = "sha256:20a32c49d65b65c3ac80305d8a31b98f3d92b1b052dd63b57fbebc7003f9ae38", size = 49175, upload-time = "2025-10-12T10:48:39.601Z" },
    { url = "https://files.pythonhosted.org/packages/f2/9b/ceb12f3397695d075a1f3e12e295d84f021562540a6579144cb985d80ccb/rcssmin-1.2.2-cp313-cp313-manylinux2014_aarch64.whl", hash = "sha256:cd0a5ca4a0fc3b193ab0dcd251bd2463900558108cc4306a5cc4ab77c6bfffde", size = 50675, upload-time = "2025-10-12T10:48:40.664Z" },
    { url = "https://files.pythonhosted.org/packages/3b/8c/efb41baaea20567fa0c335705bff1f187e35301b684891d26282a16aff1b/rcssmin-1.2.2-cp313-cp313-musllinux_1_1_aarch64.whl", hash = "sha256:2b008aa77a92f9db2d88f7e7ab45b81f37253cb0baafda59dd5b857c2de9b09f", size = 52999, upload-time = "2025-10-12T10:48:41.749Z" },
    { url = "https://files.pythonhosted.org/packages/4d/f6/cf692cca8837375fd21bf31cd134e10684fc11283a68c04160619aa826dc/rcssmin-1.2.2-cp313-cp313-musllinux_1_1_i686.whl", hash = "sha256:b3843e0501fa45d7c911dd7b3b78fd5f51c8159dd36d780ee12060da2d526aa0", size = 52752, upload-time = "2025-10-12T10:48:42.823Z" },
    { url = "https://files.pythonhosted.org/packages/8d/fa/5b0f1df380f598a397414dfaba74b05901379918f4d6b1746462190ae011/rcssmin-1.2.2-cp313-cp313-musllinux_1_1_x86_64.whl", hash = "sha256:bb75b0e412a5419d62f39d89d0b3920a6697d2b12c8dad57f8bde1c76332c640", size = 52994, upload-time = "2025-10-12T10:48:44.023Z" },
    { url = "https://files.pythonhosted.org/packages/16/df/7157985ff9e2f3fecb15b03370ee0c8de42fd5a07c4b54e0be2c0f3f8133/rcssmin-1.2.2-cp313-cp313t-manylinux1_i686.whl", hash = "sha256:dd192a876a7af9a14628ff20818df80187294db96d86ddccf72371a6ae3e7ce7", size = 51314, upload-time = "2025-10-12T10:48:45.569Z" },
    { url = "https://files.pythonhosted.org/packages/56/d5/e6c176b8d39faf0fac3a6896022febb00d0ac5c4b99d4924572c579af210/rcssmin-1.2.2-cp313-cp313t-manylinux1_x86_64.whl", hash = "sha256:5724ed426c1444c35584f0bcda43c81ac47da769228722207aea7b8eedf31224", size = 51509, upload-time = "2025-10-12T10:48:47.03Z" },
    { url = "https://files.pythonhosted.org/packages/b7/3e/493ef8b7ce621b45f1be4505295fe604280918f67a01a28c82f9d0621a3f/rcssmin-1.2.2-cp313-cp313t-manylinux2014_aarch64.whl", hash = "sha256:228cc8d192ba4bd82305c085cbb5594d45d8dc6605d4eddc319543fb9f47b319", size = 52730, upload-time = "2025-10-12T10:48:48.13Z" },
    { url = "https://files.pythonhosted.org/packages/b2/90/77cf149fac7f247dac530a96beac7c52cea9fab928b5c3e2a45c6da86147/rcssmin-1.2.2-cp313-cp313t-musllinux_1_1_aarch64.whl", hash = "sha256:714390aac7c4cb611eecc845a5d9bb01495a3c9fccf9d8a2d6aa75a109276f7b", size = 54939, upload-time = "2025-10-12T10:48:49.423Z" },
    { url = "https://files.pythonhosted.org/packages/35/37/b8347b3a817b99eab9cc987f1090c7192d9d5f077fdc84c04d12f5186b87/rcssmin-1.2.2-cp313-cp313t-musllinux_1_1_i686.whl", hash = "sha256:64ec506fce7a3f1e993f4c4b55c7b3d9ad8259191cf20d986aa1d1a13e920fe8", size = 55108, upload-time = "2025-10-12T10:48:50.463Z" },
    { url = "https://files.pythonhosted.org/packages/5e/e1/fb555f831d5e5674a91444007434ba85b4ae98cfd97dd7bc9c2962c0f56b/rcssmin-1.2.2-cp313-cp313t-musllinux_1_1_x86_64.whl", hash = "sha256:742bb522d1efe0f1d362d81e00b5dc93ca2ddd1e435ed2d921cfa84fbb9f6887", size = 54858, upload-time = "2025-10-12T10:48:51.941Z" },
    { url = "https://files.pythonhosted.org/packages/a0/40/9c4cb3133f6d4ddfbeada76988a10ff2a974706fd6fcbb97edd8c0f4cc76/rcssmin-1.2.2-cp314-cp314-manylinux1_i686.whl", hash = "sha256:540dd3aa586b5f8f4c4b90db37e6a31c04718cdf90dbe9bec43c3b4dd50519e7", size = 49032, upload-time = "2025-10-12T10:48:53.014Z" },
    { url = "https://files.pythonhosted.org/packages/07/84/a411a48fd4179a88c68a2ad3649b408fa7887a421d3435c10ae6f5724e3a/rcssmin-1.2.2-cp314-cp314-manylinux1_x86_64.whl", hash = "sha256:6ea38a38eec263858b70bed6715478dcfed7fbc5d63333a8c512631ee22baad9", size = 49497, upload-time = "2025-10-12T10:48:54.009Z" },
    { url = "https://files.pythonhosted.org/packages/a1/32/5663a71a9304e0c9f33b765264508229d026359cfff746e1d0a593d809ea/rcssmin-1.2.2-cp314-cp314-manylinux2014_aarch64.whl", hash = "sha256:07dc7d352e8eb08de82fc4c545dd04f9f487466c8370051e0bee4eb1e4dc85d0", size = 50382, upload-time = "2025-10-12T10:48:55.079Z" },
    { url = "https://files.pythonhosted.org/packages/d7/28/e411eb191ffff7bd712f2eb0f691cb7ca514b1876d6bff2f5ae61359b8db/rcssmin-1.2.2-cp314-cp314-musllinux_1_2_aarch64.whl", hash = "sha256:cdccb0e08281f0dd5d463c16ec61a06bd1534de50206dc72918be3c10dcb82e5", size = 50962, upload-time = "2025-10-12T10:48:56.494Z" },
    { url = "https://files.pythonhosted.org/packages/fb/3f/cdb99526d294c5dd4b919dc4ef492b7bd11e08b585d15ec641dfb9423493/rcssmin-1.2.2-cp314-cp314-musllinux_1_2_i686.whl", hash = "sha256:2b6d5e2e2fd65738d57ef65aaaed2cff2288eccff7f704bf3d579e6f451cb60a", size = 52504, upload-time = "2025-10-12T10:48:57.886Z" },
    { url = "https://files.pythonhosted.org/packages/e8/60/a8183401fa64e93e1d52b2cdf275a2c11e0993f5f3162c573a67872b535d/rcssmin-1.2.2-cp314-cp314-musllinux_1_2_x86_64.whl", hash = "sha256:7018d4197713c7797d1a67ed47ab53d4706c2e9ed134123c30a47d389dda5386", size = 50561, upload-time = "2025-10-12T10:48:58.935Z" },
    { url = "https://files.pythonhosted.org/packages/47/5e/496d6c9c309e2fe79e6a69f25f7a6d18f545edb4ea3584f461b9f84b0d60/rcssmin-1.2.2-cp314-cp314t-manylinux1_i686.whl", hash = "sha256:0162c32ce946978edc834d4fba705ac5f9422d7f556f3264cc4fc67c7ee39171", size = 51214, upload-time = "2025-10-12T10:49:00.021Z" },
    { url = "https://files.pythonhosted.org/packages/5e/78/87da6706d5856ceee71421ba831d2f5d93c3e6865acfbb56ace8d54587cc/rcssmin-1.2.2-cp314-cp314t-manylinux1_x86_64.whl", hash = "sha256:f17dc92553a46412c49f972f0ab31088032b9482a9c421bc2d39691a5d8842aa", size = 51608, upload-time = "2025-10-12T10:49:01.422Z" },
    { url = "https://files.pythonhosted.org/packages/cd/6c/204b0262c11ac2da2b8df2d8fed76f1959273fbc8376450d0ac022d754b7/rcssmin-1.2.2-cp314-cp314t-manylinux2014_aarch64.whl", hash = "sha256:40c7dfba098bbd129d8c35dd8b604275585f9dc0496e5d17dbe7fd6b873b0233", size = 53349, upload-time = "2025-10-12T10:49:02.512Z" },
    { url = "https://files.pythonhosted.org/packages/c3/7b/9aae16756d3f33cbc512760ba3e69c3856a51aa293e463f2ca97760d1b1b/rcssmin-1.2.2-cp314-cp314t-musllinux_1_2_aarch64.whl", hash = "sha256:d0197fab78ebbe33f5df9caf2572ef2d44bbe243a9130881a0c5c53ba03641fa", size = 53066, upload-time = "2025-10-12T10:49:03.589Z" },
    { url = "https://files.pythonhosted.org/packages/4e/18/b06fadfa9b85e486bb1571050217cb539c062d1ae4cd32b1a31c36f67fd4/rcssmin-1.2.2-cp314-cp314t-musllinux_1_2_i686.whl", hash = "sha256:19e53c58768369366fdaef00da59f275f724f229994ea885309df6ca368ff3c8", size = 54271, upload-time = "2025-10-12T10:49:04.735Z" },
    { url = "https://files.pythonhosted.org/packages/79/55/f29ce21f8e5a1f3c19d43b67b907268d227b7edcda2ca200ca0028734a5e/rcssmin-1.2.2-cp314-cp314t-musllinux_1_2_x86_64.whl", hash = "sha256:8d3de1a870e00d157f3a7b1797498fdc09a3774629079572350f75783bb94b9a", size = 52423, upload-time = "2025-10-12T10:49:06.04Z" },
]

[[package]]
name = "rjsmin"
version = "1.2.5"
source = { registry = "https://pypi.org/simple" }
sdist = { url = "https://files.pythonhosted.org/packages/59/16/14288d309d0f42c6586440c47bf6ec1a880218f698f30293fa3782db4008/rjsmin-1.2.5.tar.gz", hash = "sha256:a3f8040b0273dec773e0e807e86a4d0a9535516c0a0a35aa1bb6de6e15bb1f09", size = 427399, upload-time = "2025-10-12T10:50:27.422Z" }
wheels = [
    { url = "https://files.pythonhosted.org/packages/14/c3/0e1c211625d44f6ccad2286547ec420d07c5ca8a82098795deb2a96467e4/rjsmin-1.2.5-cp313-cp313-manylinux1_i686.whl", hash = "sha256:2967e468df0bedaff71693b96ff42b46805cc7027146323a8e47c85c5ea53ac5", size = 31883, upload-time = "2025-10-12T10:50:56.329Z" },
    { url = "https://files.pythonhosted.org/packages/f3/49/58c90614c9df3e074be3e5f960cfadc9f9ab501659b7fca3bb8326d27b07/rjsmin-1.2.5-cp313-cp313-manylinux1_x86_64.whl", hash = "sha256:3d68251d1f68c07500f1c062d9dfa16e799f8971aed1312b9584739c03d9f44b", size = 31785, upload-time = "2025-10-12T10:50:57.689Z" },
    { url = "https://files.pythonhosted.org/packages/88/aa/bfc350c353d2eada2eb125ad13d1d1f5a0f6543a96d0fe8759cd440c1921/rjsmin-1.2.5-cp313-cp313-manylinux2014_aarch64.whl", hash = "sha256:3bce037bc2ed784143f90637230c0dad6b59d18e01d66ec41ab0fc988cb98266", size = 32104, upload-time = "2025-10-12T10:50:58.78Z" },
    { url = "https://files.pythonhosted.org/packages/94/fc/eead6c42da1c51d6d3200411debbc5f03bf3e2d5e5061b39e8953484d1b6/rjsmin-1.2.5-cp313-cp313-musllinux_1_1_aarch64.whl", hash = "sha256:d206f730a003cbfc8ba5d70e06e9d20318d5dfc2d9220f6dab4fc708b621de15", size = 35718, upload-time = "2025-10-12T10:51:00.146Z" },
    { url = "https://files.pythonhosted.org/packages/71/ec/10537f3280cdb3eb712746677a9601d40760509f876ab107f2cbdcce56c0/rjsmin-1.2.5-cp313-cp313-musllinux_1_1_i686.whl", hash = "sha256:9ec9e902dfe04e791d056eb649805e4dc8a480c170e296b2dfbffb646425acdd", size = 35980, upload-time = "2025-10-12T10:51:02.53Z" },
    { url = "https://files.pythonhosted.org/packages/8c/0e/11406ff7c711e3c7d4ec30a2f7998293bf157b9e0451a5f6ce6b8505e1b6/rjsmin-1.2.5-cp313-cp313-musllinux_1_1_x86_64.whl", hash = "sha256:7926b946de481766d4da5f669da2e3ce8491e750f32f48745d7413a92c810ead", size = 35869, upload-time = "2025-10-12T10:51:03.616Z" },
    { url = "https://files.pythonhosted.org/packages/71/8e/8102b9324a3b1a7ad5262824537ee7dad18325d457ff0b3806c9f88d7bfa/rjsmin-1.2.5-cp313-cp313t-manylinux1_i686.whl", hash = "sha256:57d0935b2675644d80ea33b611d6752a33af8e1a62baa5adff0a0b8d43981732", size = 33656, upload-time = "2025-10-12T10:51:04.656Z" },
    { url = "https://files.pythonhosted.org/packages/3d/4a/94dbe6a90b9c5ab9dfdcfe2e8ae2c106c990c96f759c6396621eabcfe503/rjsmin-1.2.5-cp313-cp313t-manylinux1_x86_64.whl", hash = "sha256:d283452b6684bd6f422eea783e5f5f16b564727652398bb71ad5adc001613765", size = 33500, upload-time = "2025-10-12T10:51:05.808Z" },
    { url = "https://files.pythonhosted.org/packages/9a/f7/8f8a6cf1b1394ce61ac0a491dbf22237734d472e80feea715ec1ca580de8/rjsmin-1.2.5-cp313-cp313t-manylinux2014_aarch64.whl", hash = "sha256:8a3c43e43c06afa7e8a36b22a1247ae58d2eebfe0aea7af5cd83f68fd7360ddc", size = 34125, upload-time = "2025-10-12T10:51:06.829Z" },
    { url = "https://files.pythonhosted.org/packages/e2/b0/7562103d5241a7b57cf93e7047ee00889b67eabb99df0af03105f2224142/rjsmin-1.2.5-cp313-cp313t-musllinux_1_1_aarch64.whl", hash = "sha256:85aa826fca5aaf6f0f0f287f986e0f79c0f8953bab5090fed17a4f35f7ada65a", size = 37468, upload-time = "2025-10-12T10:51:07.936Z" },
    { url = "https://files.pythonhosted.org/packages/44/80/0a56f415aa2d92898388df8447270c3813c13eefdace54d44d12b21aba39/rjsmin-1.2.5-cp313-cp313t-musllinux_1_1_i686.whl", hash = "sha256:d68cb778e25393adb84e1844aac6f132f72055a6cf4463bae560858300ca500c", size = 37850, upload-time = "2025-10-12T10:51:09.28Z" },
    { url = "https://files.pythonhosted.org/packages/bb/eb/9c3dc7763519ed69a50641be920f3f40c286022d7ebd5a62fa4434996806/rjsmin-1.2.5-cp313-cp313t-musllinux_1_1_x86_64.whl", hash = "sha256:a86825ff7846a5c2f21a71d669b96d1b52237fb668f0243fa4f4f40a2ad93ff7", size = 37645, upload-time = "2025-10-12T10:51:10.304Z" },
    { url = "https://files.pythonhosted.org/packages/b8/ed/b472d5a3fd7d63c016893f7d438e677901fea28089b5d30cd1a115bcc887/rjsmin-1.2.5-cp314-cp314-manylinux1_i686.whl", hash = "sha256:7096357ed596fdfe0acb750f8cbfca338f3c845cc12def3861e23ed811589d15", size = 31983, upload-time = "2025-10-12T10:51:11.361Z" },
    { url = "https://files.pythonhosted.org/packages/9c/e8/e76fa527fde17fd08288e4efef25c0aba7979ed5740eeab7bdff507bdeba/rjsmin-1.2.5-cp314-cp314-manylinux1_x86_64.whl", hash = "sha256:4e80b05803749502995fe33b6f5fd589b51dc46e50d873baf0b515c8f6e7b668", size = 32002, upload-time = "2025-10-12T10:51:12.257Z" },
    { url = "https://files.pythonhosted.org/packages/87/6c/ee395ef8ee117ba2d158a23a9502bc4a706e02f63bfdf6d01b802ae6ee9a/rjsmin-1.2.5-cp314-cp314-manylinux2014_aarch64.whl", hash = "sha256:b6d0bc092acc3f54ea63ec1dcb808edaac5e956141d89fd0d038e80de5322052", size = 32435, upload-time = "2025-10-12T10:51:13.147Z" },
    { url = "https://files.pythonhosted.org/packages/1a/78/c157d33aa6148f0e8c57bb91a41969e1a4aab929f3bb0a8d9ff3b5e21556/rjsmin-1.2.5-cp314-cp314-musllinux_1_2_aarch64.whl", hash = "sha256:1e2943259be7beafdcb0847c2a901f223bf9044bdfa8105e1be1ad67d6c47795", size = 32877, upload-time = "2025-10-12T10:51:14.545Z" },
    { url = "https://files.pythonhosted.org/packages/e9/49/6252145bf85d87c815aaf441c5efdf1ce918db5ab6e915cf6d0d99ca3969/rjsmin-1.2.5-cp314-cp314-musllinux_1_2_i686.whl", hash = "sha256:e0387568c27fb49e55c1d0dfc27b54fc63d04b7756b1fed9743078130262907f", size = 32957, upload-time = "2025-10-12T10:51:15.964Z" },
    { url = "https://files.pythonhosted.org/packages/15/7e/c321c047b1a2fb7fa5ac818c37c1a15d348e1c12a1148de8ca5192a83b8f/rjsmin-1.2.5-cp314-cp314-musllinux_1_2_x86_64.whl", hash = "sha256:8196f1ecb0dff6c8647d4622e496869e94f1be92567ea2e941aa18d49a1a4347", size = 32456, upload-time = "2025-10-12T10:51:16.885Z" },
    { url = "https://files.pythonhosted.org/packages/5b/d7/2d190ce5ad10832df62edd4d9b1ae7092fd259ca58b39a1e202337f511a9/rjsmin-1.2.5-cp314-cp314t-manylinux1_i686.whl", hash = "sha256:9dd9f66568be9c8676278f140aa54102fab9af7feb59adf0c7a85bef49fe70df", size = 34115, upload-time = "2025-10-12T10:51:17.911Z" },
    { url = "https://files.pythonhosted.org/packages/76/ab/e7bcf261ede4cef7a0693927d7dcd1612bb59ba6c05191f58a92deec9f01/rjsmin-1.2.5-cp314-cp314t-manylinux1_x86_64.whl", hash = "sha256:5b8f72f7d96e5e1d30a33182cb39d4eb4516ddcd9b2f984813a9eefe66f8e180", size = 33977, upload-time = "2025-10-12T10:51:18.996Z" },
    { url = "https://files.pythonhosted.org/packages/a7/75/f1ff5f2199437b534204b40aa46c55c703489063cf7806c948a1a665575e/rjsmin-1.2.5-cp314-cp314t-manylinux2014_aarch64.whl", hash = "sha256:8c5906bd8830f616e992ad5e7277d0ea12c530110da188b2b9da23e9524a7cbc", size = 34604, upload-time = "2025-10-12T10:51:20.031Z" },
    { url = "https://files.pythonhosted.org/packages/d2/dc/acd463d88c56476cc683f1c6cce893c590007dccd390747e824b8e923d63/rjsmin-1.2.5-cp314-cp314t-musllinux_1_2_aarch64.whl", hash = "sha256:8207bac0d3bab7791fd667f0863b5f32e51047845179b94b28c716e6514a9234", size = 34775, upload-time = "2025-10-12T10:51:21.364Z" },
    { url = "https://files.pythonhosted.org/packages/ce/56/e6f61718d1c36e646aabe552ad1f8f77744a4c57524eaa782b5b44eba220/rjsmin-1.2.5-cp314-cp314t-musllinux_1_2_i686.whl", hash = "sha256:1e3ab93a51d7581ba0a3b6a383df2929b86d9d55f9516764678f9b4e409826e8", size = 34682, upload-time = "2025-10-12T10:51:22.755Z" },
    { url = "https://files.pythonhosted.org/packages/00/f3/37a4672ddb1307eb57d9b54ba89a48f483a04a63cac4e1471fdb4cba76e6/rjsmin-1.2.5-cp314-cp314t-musllinux_1_2_x86_64.whl", hash = "sha256:47dad1732a2c4779bdc76d5b3183fdf2ec27838f31071fa9dfcc79483d3480e2", size = 34161, upload-time = "2025-10-12T10:51:23.761Z" },
]

[[package]]
name = "soupsieve"
version = "2.8.3"
source = { registry = "https://pypi.org/simple" }
sdist = { url = "https://files.pythonhosted.org/packages/7b/ae/2d9c981590ed9999a0d91755b47fc74f74de286b0f5cee14c9269041e6c4/soupsieve-2.8.3.tar.gz", hash = "sha256:3267f1eeea4251fb42728b6dfb746edc9acaffc4a45b27e19450b676586e8349", size = 118627, upload-time = "2026-01-20T04:27:02.457Z" }
wheels = [
    { url = "https://files.pythonhosted.org/packages/46/2c/1462b1d0a634697ae9e55b3cecdcb64788e8b7d63f54d923fcd0bb140aed/soupsieve-2.8.3-py3-none-any.whl", hash = "sha256:ed64f2ba4eebeab06cc4962affce381647455978ffc1e36bb79a545b91f45a95", size = 37016, upload-time = "2026-01-20T04:27:01.012Z" },
]

[[package]]
name = "tornado"
version = "6.5.4"
source = { registry = "https://pypi.org/simple" }
sdist = { url = "https://files.pythonhosted.org/packages/37/1d/0a336abf618272d53f62ebe274f712e213f5a03c0b2339575430b8362ef2/tornado-6.5.4.tar.gz", hash = "sha256:a22fa9047405d03260b483980635f0b041989d8bcc9a313f8fe18b411d84b1d7", size = 513632, upload-time = "2025-12-15T19:21:03.836Z" }
wheels = [
    { url = "https://files.pythonhosted.org/packages/ab/a9/e94a9d5224107d7ce3cc1fab8d5dc97f5ea351ccc6322ee4fb661da94e35/tornado-6.5.4-cp39-abi3-macosx_10_9_universal2.whl", hash = "sha256:d6241c1a16b1c9e4cc28148b1cda97dd1c6cb4fb7068ac1bedc610768dff0ba9", size = 443909, upload-time = "2025-12-15T19:20:48.382Z" },
    { url = "https://files.pythonhosted.org/packages/db/7e/f7b8d8c4453f305a51f80dbb49014257bb7d28ccb4bbb8dd328ea995ecad/tornado-6.5.4-cp39-abi3-macosx_10_9_x86_64.whl", hash = "sha256:2d50f63dda1d2cac3ae1fa23d254e16b5e38153758470e9956cbc3d813d40843", size = 442163, upload-time = "2025-12-15T19:20:49.791Z" },
    { url = "https://files.pythonhosted.org/packages/ba/b5/206f82d51e1bfa940ba366a8d2f83904b15942c45a78dd978b599870ab44/tornado-6.5.4-cp39-abi3-manylinux_2_17_aarch64.manylinux2014_aarch64.whl", hash = "sha256:d1cf66105dc6acb5af613c054955b8137e34a03698aa53272dbda4afe252be17", size = 445746, upload-time = "2025-12-15T19:20:51.491Z" },
    { url = "https://files.pythonhosted.org/packages/8e/9d/1a3338e0bd30ada6ad4356c13a0a6c35fbc859063fa7eddb309183364ac1/tornado-6.5.4-cp39-abi3-manylinux_2_5_i686.manylinux1_i686.manylinux_2_17_i686.manylinux2014_i686.whl", hash = "sha256:50ff0a58b0dc97939d29da29cd624da010e7f804746621c78d14b80238669335", size = 445083, upload-time = "2025-12-15T19:20:52.778Z" },
    { url = "https://files.pythonhosted.org/packages/50/d4/e51d52047e7eb9a582da59f32125d17c0482d065afd5d3bc435ff2120dc5/tornado-6.5.4-cp39-abi3-manylinux_2_5_x86_64.manylinux1_x86_64.manylinux_2_17_x86_64.manylinux2014_x86_64.whl", hash = "sha256:e5fb5e04efa54cf0baabdd10061eb4148e0be137166146fff835745f59ab9f7f", size = 445315, upload-time = "2025-12-15T19:20:53.996Z" },
    { url = "https://files.pythonhosted.org/packages/27/07/2273972f69ca63dbc139694a3fc4684edec3ea3f9efabf77ed32483b875c/tornado-6.5.4-cp39-abi3-musllinux_1_2_aarch64.whl", hash = "sha256:9c86b1643b33a4cd415f8d0fe53045f913bf07b4a3ef646b735a6a86047dda84", size = 446003, upload-time = "2025-12-15T19:20:56.101Z" },
    { url = "https://files.pythonhosted.org/packages/d1/83/41c52e47502bf7260044413b6770d1a48dda2f0246f95ee1384a3cd9c44a/tornado-6.5.4-cp39-abi3-musllinux_1_2_i686.whl", hash = "sha256:6eb82872335a53dd063a4f10917b3efd28270b56a33db69009606a0312660a6f", size = 445412, upload-time = "2025-12-15T19:20:57.398Z" },
    { url = "https://files.pythonhosted.org/packages/10/c7/bc96917f06cbee182d44735d4ecde9c432e25b84f4c2086143013e7b9e52/tornado-6.5.4-cp39-abi3-musllinux_1_2_x86_64.whl", hash = "sha256:6076d5dda368c9328ff41ab5d9dd3608e695e8225d1cd0fd1e006f05da3635a8", size = 445392, upload-time = "2025-12-15T19:20:58.692Z" },
    { url = "https://files.pythonhosted.org/packages/0c/1a/d7592328d037d36f2d2462f4bc1fbb383eec9278bc786c1b111cbbd44cfa/tornado-6.5.4-cp39-abi3-win32.whl", hash = "sha256:1768110f2411d5cd281bac0a090f707223ce77fd110424361092859e089b38d1", size = 446481, upload-time = "2025-12-15T19:21:00.008Z" },
    { url = "https://files.pythonhosted.org/packages/d6/6d/c69be695a0a64fd37a97db12355a035a6d90f79067a3cf936ec2b1dc38cd/tornado-6.5.4-cp39-abi3-win_amd64.whl", hash = "sha256:fa07d31e0cd85c60713f2b995da613588aa03e1303d75705dca6af8babc18ddc", size = 446886, upload-time = "2025-12-15T19:21:01.287Z" },
    { url = "https://files.pythonhosted.org/packages/50/49/8dc3fd90902f70084bd2cd059d576ddb4f8bb44c2c7c0e33a11422acb17e/tornado-6.5.4-cp39-abi3-win_arm64.whl", hash = "sha256:053e6e16701eb6cbe641f308f4c1a9541f91b6261991160391bfc342e8a551a1", size = 445910, upload-time = "2025-12-15T19:21:02.571Z" },
]

[[package]]
name = "typing-extensions"
version = "4.15.0"
source = { registry = "https://pypi.org/simple" }
sdist = { url = "https://files.pythonhosted.org/packages/72/94/1a15dd82efb362ac84269196e94cf00f187f7ed21c242792a923cdb1c61f/typing_extensions-4.15.0.tar.gz", hash = "sha256:0cea48d173cc12fa28ecabc3b837ea3cf6f38c6d1136f85cbaaf598984861466", size = 109391, upload-time = "2025-08-25T13:49:26.313Z" }
wheels = [
    { url = "https://files.pythonhosted.org/packages/18/67/36e9267722cc04a6b9f15c7f3441c2363321a3ea07da7ae0c0707beb2a9c/typing_extensions-4.15.0-py3-none-any.whl", hash = "sha256:f0fa19c6845758ab08074a0cfa8b7aecb71c999ca73d62883bc25cc018c4e548", size = 44614, upload-time = "2025-08-25T13:49:24.86Z" },
]
